
Microsoft Visual Studio Solution File, Format Version 12.00
# Visual Studio Version 16
VisualStudioVersion = 16.0.31729.503
MinimumVisualStudioVersion = 10.0.40219.1
Project("{FAE04EC0-301F-11D3-BF4B-00C04F79EFBC}") = "QuanLiTraSua", "QuanLiTraSua\QuanLiTraSua.csproj", "{8F45BCAA-E546-40AC-813D-EB597630CABD}"
EndProject
Global
	GlobalSection(SolutionConfigurationPlatforms) = preSolution
		Debug|Any CPU = Debug|Any CPU
		Release|Any CPU = Release|Any CPU
	EndGlobalSection
	GlobalSection(ProjectConfigurationPlatforms) = postSolution
		{8F45BCAA-E546-40AC-813D-EB597630CABD}.Debug|Any CPU.ActiveCfg = Debug|Any CPU
		{8F45BCAA-E546-40AC-813D-EB597630CABD}.Debug|Any CPU.Build.0 = Debug|Any CPU
		{8F45BCAA-E546-40AC-813D-EB597630CABD}.Release|Any CPU.ActiveCfg = Release|Any CPU
		{8F45BCAA-E546-40AC-813D-EB597630CABD}.Release|Any CPU.Build.0 = Release|Any CPU
	EndGlobalSection
	GlobalSection(SolutionProperties) = preSolution
		HideSolutionNode = FALSE
	EndGlobalSection
	GlobalSection(ExtensibilityGlobals) = postSolution
		SolutionGuid = {99CF2452-799E-447D-BFA7-9AFDEBF1412A}
	EndGlobalSection
EndGlobal
